{
    "_meta": {
        "hash": {
            "sha256": "f123557f47b7de691ec3258f8c5d58382f7381d26c7bdefcfb68874f7214cc92"
        },
        "pipfile-spec": 6,
        "requires": {
            "python_version": "3.7"
        },
        "sources": [
            {
                "name": "pypi",
                "url": "https://pypi.python.org/simple",
                "verify_ssl": true
            }
        ]
    },
    "default": {
        "bluepy": {
            "hashes": [
                "sha256:2a71edafe103565fb990256ff3624c1653036a837dfc90e1e32b839f83971cec"
            ],
            "index": "pypi",
            "version": "==1.3.0"
        },
        "ifaddr": {
            "hashes": [
                "sha256:c19c64882a7ad51a394451dabcbbed72e98b5625ec1e79789924d5ea3e3ecb93"
            ],
            "version": "==0.1.6"
        },
        "pyparrot": {
            "hashes": [
                "sha256:20fd675664df914f30341518d5a139c4f929a251e22bd2aa53b50e793a8cbd53",
                "sha256:4050ee1b6678a3403668276845f9a39e17418502487d8c2faa2e107b571eebb8"
            ],
            "index": "pypi",
            "version": "==1.5.20"
        },
        "untangle": {
            "hashes": [
                "sha256:e7cfa1ad57707e6b74cfea8b9fc50f7cbe9bbaf18401cc9d72192002bcd80bcb"
            ],
            "index": "pypi",
            "version": "==1.1.1"
        },
        "zeroconf": {
            "hashes": [
                "sha256:25188fc5516d59fe44440588b652bb388db91f389903fd9b009054da4e24e4f8",
                "sha256:f66d38f16026097572939ab78b1f46a97f556bca415491eb0fd094d0b5827dfe"
            ],
            "index": "pypi",
            "version": "==0.24.4"
        }
    },
    "develop": {}
}
